
Microsoft Visual Studio Solution File, Format Version 12.00
# Visual Studio Version 16
VisualStudioVersion = 16.0.33529.622
MinimumVisualStudioVersion = 10.0.40219.1
Project("{FAE04EC0-301F-11D3-BF4B-00C04F79EFBC}") = "ToDoApp", "ToDoApp\ToDoApp.csproj", "{A1527F1D-330F-41D6-A2D3-9544EEB81662}"
EndProject
Global
	GlobalSection(SolutionConfigurationPlatforms) = preSolution
		Debug|Any CPU = Debug|Any CPU
		Release|Any CPU = Release|Any CPU
	EndGlobalSection
	GlobalSection(ProjectConfigurationPlatforms) = postSolution
		{A1527F1D-330F-41D6-A2D3-9544EEB81662}.Debug|Any CPU.ActiveCfg = Debug|Any CPU
		{A1527F1D-330F-41D6-A2D3-9544EEB81662}.Debug|Any CPU.Build.0 = Debug|Any CPU
		{A1527F1D-330F-41D6-A2D3-9544EEB81662}.Release|Any CPU.ActiveCfg = Release|Any CPU
		{A1527F1D-330F-41D6-A2D3-9544EEB81662}.Release|Any CPU.Build.0 = Release|Any CPU
	EndGlobalSection
	GlobalSection(SolutionProperties) = preSolution
		HideSolutionNode = FALSE
	EndGlobalSection
	GlobalSection(ExtensibilityGlobals) = postSolution
		SolutionGuid = {E05CBB02-ACA8-449F-A4EA-420AE7B1103B}
	EndGlobalSection
EndGlobal
